{
  "originHash" : "9986f788ac4f5d51efb8001c2bd1083970b47fb17e3c4c43151610cdb2cd6f5d",
  "pins" : [
    {
      "identity" : "libsql-swift",
      "kind" : "remoteSourceControl",
      "location" : "https://github.com/tursodatabase/libsql-swift",
      "state" : {
        "revision" : "d6c16af9a8bf5a096c5eaca1fd4dac845242ef87",
        "version" : "3.1.0"
      }
    }
  ],
  "version" : 3
}
